
Microsoft Visual Studio Solution File, Format Version 12.00
# Visual Studio Version 17
VisualStudioVersion = 17.7.34009.444
MinimumVisualStudioVersion = 10.0.40219.1
Project("{FAE04EC0-301F-11D3-BF4B-00C04F79EFBC}") = "SwarmSim", "SwarmSim\SwarmSim.csproj", "{D95BE3BC-2215-411D-999D-66664FDB1CD0}"
EndProject
Global
	GlobalSection(SolutionConfigurationPlatforms) = preSolution
		Debug|Any CPU = Debug|Any CPU
		Release|Any CPU = Release|Any CPU
	EndGlobalSection
	GlobalSection(ProjectConfigurationPlatforms) = postSolution
		{D95BE3BC-2215-411D-999D-66664FDB1CD0}.Debug|Any CPU.ActiveCfg = Debug|Any CPU
		{D95BE3BC-2215-411D-999D-66664FDB1CD0}.Debug|Any CPU.Build.0 = Debug|Any CPU
		{D95BE3BC-2215-411D-999D-66664FDB1CD0}.Release|Any CPU.ActiveCfg = Release|Any CPU
		{D95BE3BC-2215-411D-999D-66664FDB1CD0}.Release|Any CPU.Build.0 = Release|Any CPU
	EndGlobalSection
	GlobalSection(SolutionProperties) = preSolution
		HideSolutionNode = FALSE
	EndGlobalSection
	GlobalSection(ExtensibilityGlobals) = postSolution
		SolutionGuid = {C745366F-6F62-47CF-A686-C633561433C9}
	EndGlobalSection
EndGlobal
